# This file is automatically @generated by Cargo.
# It is not intended for manual editing.
version = 4

[[package]]
name = "big-org-example-operations-ores-stack"
version = "0.1.0"
dependencies = [
 "ores-stack-pub-lib-core",
]

[[package]]
name = "ores-stack-pub-lib-core"
version = "0.1.0"
source = "git+https://github.com/ores-stack/ores-stack-pub-lib-core?rev=f0e798ff01ee8378c1494084adacc4158cc023e8#f0e798ff01ee8378c1494084adacc4158cc023e8"
